
Microsoft Visual Studio Solution File, Format Version 12.00
# Visual Studio 15
VisualStudioVersion = 15.0.28307.779
MinimumVisualStudioVersion = 10.0.40219.1
Project("{FAE04EC0-301F-11D3-BF4B-00C04F79EFBC}") = "Vista", "Vista\Vista.csproj", "{3C0088D7-106A-4A92-8D8B-CF9E296EC12D}"
EndProject
Project("{FAE04EC0-301F-11D3-BF4B-00C04F79EFBC}") = "Controlador", "Controlador\Controlador.csproj", "{F61F2622-F55C-4DE9-AAC0-406FB8687270}"
EndProject
Project("{FAE04EC0-301F-11D3-BF4B-00C04F79EFBC}") = "Modelo", "Modelo\Modelo.csproj", "{1C3D6275-A3EB-4968-97C4-8CAB7D44547B}"
EndProject
Global
	GlobalSection(SolutionConfigurationPlatforms) = preSolution
		Debug|Any CPU = Debug|Any CPU
		Release|Any CPU = Release|Any CPU
	EndGlobalSection
	GlobalSection(ProjectConfigurationPlatforms) = postSolution
		{3C0088D7-106A-4A92-8D8B-CF9E296EC12D}.Debug|Any CPU.ActiveCfg = Debug|Any CPU
		{3C0088D7-106A-4A92-8D8B-CF9E296EC12D}.Debug|Any CPU.Build.0 = Debug|Any CPU
		{3C0088D7-106A-4A92-8D8B-CF9E296EC12D}.Release|Any CPU.ActiveCfg = Release|Any CPU
		{3C0088D7-106A-4A92-8D8B-CF9E296EC12D}.Release|Any CPU.Build.0 = Release|Any CPU
		{F61F2622-F55C-4DE9-AAC0-406FB8687270}.Debug|Any CPU.ActiveCfg = Debug|Any CPU
		{F61F2622-F55C-4DE9-AAC0-406FB8687270}.Debug|Any CPU.Build.0 = Debug|Any CPU
		{F61F2622-F55C-4DE9-AAC0-406FB8687270}.Release|Any CPU.ActiveCfg = Release|Any CPU
		{F61F2622-F55C-4DE9-AAC0-406FB8687270}.Release|Any CPU.Build.0 = Release|Any CPU
		{1C3D6275-A3EB-4968-97C4-8CAB7D44547B}.Debug|Any CPU.ActiveCfg = Debug|Any CPU
		{1C3D6275-A3EB-4968-97C4-8CAB7D44547B}.Debug|Any CPU.Build.0 = Debug|Any CPU
		{1C3D6275-A3EB-4968-97C4-8CAB7D44547B}.Release|Any CPU.ActiveCfg = Release|Any CPU
		{1C3D6275-A3EB-4968-97C4-8CAB7D44547B}.Release|Any CPU.Build.0 = Release|Any CPU
	EndGlobalSection
	GlobalSection(SolutionProperties) = preSolution
		HideSolutionNode = FALSE
	EndGlobalSection
	GlobalSection(ExtensibilityGlobals) = postSolution
		SolutionGuid = {804D288F-FA73-48AA-BF2E-E3F31A47B6FE}
	EndGlobalSection
EndGlobal
